// !$*UTF8*$!
{
	archiveVersion = 1;
	classes = {
	};
	objectVersion = 55;
	objects = {

/* Begin PBXBuildFile section */
		67191BBC2723BD970036E9EB /* moveApp.swift in Sources */ = {isa = PBXBuildFile; fileRef = 67191BBB2723BD970036E9EB /* moveApp.swift */; };
		67191BBE2723BD970036E9EB /* ContentView.swift in Sources */ = {isa = PBXBuildFile; fileRef = 67191BBD2723BD970036E9EB /* ContentView.swift */; };
		67191BC02723BD990036E9EB /* Assets.xcassets in Resources */ = {isa = PBXBuildFile; fileRef = 67191BBF2723BD990036E9EB /* Assets.xcassets */; };
		67191BC32723BD990036E9EB /* Preview Assets.xcassets in Resources */ = {isa = PBXBuildFile; fileRef = 67191BC22723BD990036E9EB /* Preview Assets.xcassets */; };
		67191BCA2723BE700036E9EB /* borradores.swift in Sources */ = {isa = PBXBuildFile; fileRef = 67191BC92723BE700036E9EB /* borradores.swift */; };
		6774CB6E2725D2FF00973314 /* data.txt in Resources */ = {isa = PBXBuildFile; fileRef = 6774CB6D2725D2FF00973314 /* data.txt */; };
		678B4B2C2726F8150074E21C /* motions.swift in Sources */ = {isa = PBXBuildFile; fileRef = 678B4B2B2726F8150074E21C /* motions.swift */; };
		67AC424C272450E20040D982 /* menu.swift in Sources */ = {isa = PBXBuildFile; fileRef = 67AC424B272450E20040D982 /* menu.swift */; };
		67AC424E272454DF0040D982 /* actions.swift in Sources */ = {isa = PBXBuildFile; fileRef = 67AC424D272454DF0040D982 /* actions.swift */; };
		AAE5A08CE8D1DDC8F8FBFAAE /* Pods_move.framework in Frameworks */ = {isa = PBXBuildFile; fileRef = 432A126DB41AE88D430FE53E /* Pods_move.framework */; };
		DDD359A9274C307300480995 /* labels.txt in Resources */ = {isa = PBXBuildFile; fileRef = DDD359A7274C307300480995 /* labels.txt */; };
		DDD359AA274C307300480995 /* model.tflite in Resources */ = {isa = PBXBuildFile; fileRef = DDD359A8274C307300480995 /* model.tflite */; };
/* End PBXBuildFile section */

/* Begin PBXFileReference section */
		432A126DB41AE88D430FE53E /* Pods_move.framework */ = {isa = PBXFileReference; explicitFileType = wrapper.framework; includeInIndex = 0; path = Pods_move.framework; sourceTree = BUILT_PRODUCTS_DIR; };
		5ED0A725751DC05E2E27EA84 /* Pods-move.debug.xcconfig */ = {isa = PBXFileReference; includeInIndex = 1; lastKnownFileType = text.xcconfig; name = "Pods-move.debug.xcconfig"; path = "Target Support Files/Pods-move/Pods-move.debug.xcconfig"; sourceTree = "<group>"; };
		67191BB82723BD970036E9EB /* move.app */ = {isa = PBXFileReference; explicitFileType = wrapper.application; includeInIndex = 0; path = move.app; sourceTree = BUILT_PRODUCTS_DIR; };
		67191BBB2723BD970036E9EB /* moveApp.swift */ = {isa = PBXFileReference; lastKnownFileType = sourcecode.swift; path = moveApp.swift; sourceTree = "<group>"; };
		67191BBD2723BD970036E9EB /* ContentView.swift */ = {isa = PBXFileReference; lastKnownFileType = sourcecode.swift; path = ContentView.swift; sourceTree = "<group>"; };
		67191BBF2723BD990036E9EB /* Assets.xcassets */ = {isa = PBXFileReference; lastKnownFileType = folder.assetcatalog; path = Assets.xcassets; sourceTree = "<group>"; };
		67191BC22723BD990036E9EB /* Preview Assets.xcassets */ = {isa = PBXFileReference; lastKnownFileType = folder.assetcatalog; path = "Preview Assets.xcassets"; sourceTree = "<group>"; };
		67191BC92723BE700036E9EB /* borradores.swift */ = {isa = PBXFileReference; lastKnownFileType = sourcecode.swift; path = borradores.swift; sourceTree = "<group>"; };
		6774CB6D2725D2FF00973314 /* data.txt */ = {isa = PBXFileReference; fileEncoding = 4; lastKnownFileType = text; path = data.txt; sourceTree = "<group>"; };
		678B4B2B2726F8150074E21C /* motions.swift */ = {isa = PBXFileReference; lastKnownFileType = sourcecode.swift; path = motions.swift; sourceTree = "<group>"; };
		67AC424B272450E20040D982 /* menu.swift */ = {isa = PBXFileReference; lastKnownFileType = sourcecode.swift; path = menu.swift; sourceTree = "<group>"; };
		67AC424D272454DF0040D982 /* actions.swift */ = {isa = PBXFileReference; lastKnownFileType = sourcecode.swift; name = actions.swift; path = "/Applications/Xcode.app/Contents/Developer/Platforms/iPhoneOS.platform/Developer/SDKs/iPhoneOS15.0.sdk/../../../../../../../../../Users/rafael-moreira/school/csce5280/csce5280-ios-flutter/move/tabs/actions.swift"; sourceTree = "<absolute>"; };
		94B0FA19D71292F0BBDCD871 /* Pods-move.release.xcconfig */ = {isa = PBXFileReference; includeInIndex = 1; lastKnownFileType = text.xcconfig; name = "Pods-move.release.xcconfig"; path = "Target Support Files/Pods-move/Pods-move.release.xcconfig"; sourceTree = "<group>"; };
		DD23917A272B951500EE0DD7 /* MyPlayground.playground */ = {isa = PBXFileReference; lastKnownFileType = file.playground; path = MyPlayground.playground; sourceTree = "<group>"; xcLanguageSpecificationIdentifier = xcode.lang.swift; };
		DD9828F727430D80009FEB4F /* MyPlayground2.playground */ = {isa = PBXFileReference; lastKnownFileType = file.playground; path = MyPlayground2.playground; sourceTree = "<group>"; xcLanguageSpecificationIdentifier = xcode.lang.swift; };
		DDD359A7274C307300480995 /* labels.txt */ = {isa = PBXFileReference; fileEncoding = 4; lastKnownFileType = text; name = labels.txt; path = tabs/labels.txt; sourceTree = "<group>"; };
		DDD359A8274C307300480995 /* model.tflite */ = {isa = PBXFileReference; lastKnownFileType = file; name = model.tflite; path = tabs/model.tflite; sourceTree = "<group>"; };
/* End PBXFileReference section */

/* Begin PBXFrameworksBuildPhase section */
		67191BB52723BD970036E9EB /* Frameworks */ = {
			isa = PBXFrameworksBuildPhase;
			buildActionMask = 2147483647;
			files = (
				AAE5A08CE8D1DDC8F8FBFAAE /* Pods_move.framework in Frameworks */,
			);
			runOnlyForDeploymentPostprocessing = 0;
		};
/* End PBXFrameworksBuildPhase section */

/* Begin PBXGroup section */
		61DF5FAF3C5CC6C295264BC3 /* Frameworks */ = {
			isa = PBXGroup;
			children = (
				432A126DB41AE88D430FE53E /* Pods_move.framework */,
			);
			name = Frameworks;
			sourceTree = "<group>";
		};
		67191BAF2723BD970036E9EB = {
			isa = PBXGroup;
			children = (
				DDD359A7274C307300480995 /* labels.txt */,
				DDD359A8274C307300480995 /* model.tflite */,
				DD31BB5A272A5D2B005C9F3B /* Model */,
				67AC424A272450BC0040D982 /* tabs */,
				67191BBA2723BD970036E9EB /* move */,
				67191BB92723BD970036E9EB /* Products */,
				91B46628D63B1572AF99C5AD /* Pods */,
				61DF5FAF3C5CC6C295264BC3 /* Frameworks */,
			);
			sourceTree = "<group>";
		};
		67191BB92723BD970036E9EB /* Products */ = {
			isa = PBXGroup;
			children = (
				67191BB82723BD970036E9EB /* move.app */,
			);
			name = Products;
			sourceTree = "<group>";
		};
		67191BBA2723BD970036E9EB /* move */ = {
			isa = PBXGroup;
			children = (
				67191BBB2723BD970036E9EB /* moveApp.swift */,
				6774CB6D2725D2FF00973314 /* data.txt */,
				67191BBF2723BD990036E9EB /* Assets.xcassets */,
				67191BC12723BD990036E9EB /* Preview Content */,
				67191BC92723BE700036E9EB /* borradores.swift */,
				67AC424B272450E20040D982 /* menu.swift */,
			);
			path = move;
			sourceTree = "<group>";
		};
		67191BC12723BD990036E9EB /* Preview Content */ = {
			isa = PBXGroup;
			children = (
				67191BC22723BD990036E9EB /* Preview Assets.xcassets */,
			);
			path = "Preview Content";
			sourceTree = "<group>";
		};
		67AC424A272450BC0040D982 /* tabs */ = {
			isa = PBXGroup;
			children = (
				67191BBD2723BD970036E9EB /* ContentView.swift */,
				67AC424D272454DF0040D982 /* actions.swift */,
				678B4B2B2726F8150074E21C /* motions.swift */,
				DD9828F727430D80009FEB4F /* MyPlayground2.playground */,
			);
			path = tabs;
			sourceTree = "<group>";
		};
		91B46628D63B1572AF99C5AD /* Pods */ = {
			isa = PBXGroup;
			children = (
				5ED0A725751DC05E2E27EA84 /* Pods-move.debug.xcconfig */,
				94B0FA19D71292F0BBDCD871 /* Pods-move.release.xcconfig */,
			);
			path = Pods;
			sourceTree = "<group>";
		};
		DD31BB5A272A5D2B005C9F3B /* Model */ = {
			isa = PBXGroup;
			children = (
				DD23917A272B951500EE0DD7 /* MyPlayground.playground */,
			);
			path = Model;
			sourceTree = "<group>";
		};
/* End PBXGroup section */

/* Begin PBXNativeTarget section */
		67191BB72723BD970036E9EB /* move */ = {
			isa = PBXNativeTarget;
			buildConfigurationList = 67191BC62723BD990036E9EB /* Build configuration list for PBXNativeTarget "move" */;
			buildPhases = (
				E1E3DE8A51B80727890EB126 /* [CP] Check Pods Manifest.lock */,
				67191BB42723BD970036E9EB /* Sources */,
				67191BB52723BD970036E9EB /* Frameworks */,
				67191BB62723BD970036E9EB /* Resources */,
			);
			buildRules = (
			);
			dependencies = (
			);
			name = move;
			productName = move;
			productReference = 67191BB82723BD970036E9EB /* move.app */;
			productType = "com.apple.product-type.application";
		};
/* End PBXNativeTarget section */

/* Begin PBXProject section */
		67191BB02723BD970036E9EB /* Project object */ = {
			isa = PBXProject;
			attributes = {
				BuildIndependentTargetsInParallel = 1;
				LastSwiftUpdateCheck = 1300;
				LastUpgradeCheck = 1300;
				TargetAttributes = {
					67191BB72723BD970036E9EB = {
						CreatedOnToolsVersion = 13.0;
					};
				};
			};
			buildConfigurationList = 67191BB32723BD970036E9EB /* Build configuration list for PBXProject "move" */;
			compatibilityVersion = "Xcode 13.0";
			developmentRegion = en;
			hasScannedForEncodings = 0;
			knownRegions = (
				en,
				Base,
			);
			mainGroup = 67191BAF2723BD970036E9EB;
			productRefGroup = 67191BB92723BD970036E9EB /* Products */;
			projectDirPath = "";
			projectRoot = "";
			targets = (
				67191BB72723BD970036E9EB /* move */,
			);
		};
/* End PBXProject section */

/* Begin PBXResourcesBuildPhase section */
		67191BB62723BD970036E9EB /* Resources */ = {
			isa = PBXResourcesBuildPhase;
			buildActionMask = 2147483647;
			files = (
				DDD359AA274C307300480995 /* model.tflite in Resources */,
				67191BC32723BD990036E9EB /* Preview Assets.xcassets in Resources */,
				6774CB6E2725D2FF00973314 /* data.txt in Resources */,
				67191BC02723BD990036E9EB /* Assets.xcassets in Resources */,
				DDD359A9274C307300480995 /* labels.txt in Resources */,
			);
			runOnlyForDeploymentPostprocessing = 0;
		};
/* End PBXResourcesBuildPhase section */

/* Begin PBXShellScriptBuildPhase section */
		E1E3DE8A51B80727890EB126 /* [CP] Check Pods Manifest.lock */ = {
			isa = PBXShellScriptBuildPhase;
			buildActionMask = 2147483647;
			files = (
			);
			inputFileListPaths = (
			);
			inputPaths = (
				"${PODS_PODFILE_DIR_PATH}/Podfile.lock",
				"${PODS_ROOT}/Manifest.lock",
			);
			name = "[CP] Check Pods Manifest.lock";
			outputFileListPaths = (
			);
			outputPaths = (
				"$(DERIVED_FILE_DIR)/Pods-move-checkManifestLockResult.txt",
			);
			runOnlyForDeploymentPostprocessing = 0;
			shellPath = /bin/sh;
			shellScript = "diff \"${PODS_PODFILE_DIR_PATH}/Podfile.lock\" \"${PODS_ROOT}/Manifest.lock\" > /dev/null\nif [ $? != 0 ] ; then\n    # print error to STDERR\n    echo \"error: The sandbox is not in sync with the Podfile.lock. Run 'pod install' or update your CocoaPods installation.\" >&2\n    exit 1\nfi\n# This output is used by Xcode 'outputs' to avoid re-running this script phase.\necho \"SUCCESS\" > \"${SCRIPT_OUTPUT_FILE_0}\"\n";
			showEnvVarsInLog = 0;
		};
/* End PBXShellScriptBuildPhase section */

/* Begin PBXSourcesBuildPhase section */
		67191BB42723BD970036E9EB /* Sources */ = {
			isa = PBXSourcesBuildPhase;
			buildActionMask = 2147483647;
			files = (
				67191BCA2723BE700036E9EB /* borradores.swift in Sources */,
				678B4B2C2726F8150074E21C /* motions.swift in Sources */,
				67AC424E272454DF0040D982 /* actions.swift in Sources */,
				67191BBE2723BD970036E9EB /* ContentView.swift in Sources */,
				67AC424C272450E20040D982 /* menu.swift in Sources */,
				67191BBC2723BD970036E9EB /* moveApp.swift in Sources */,
			);
			runOnlyForDeploymentPostprocessing = 0;
		};
/* End PBXSourcesBuildPhase section */

/* Begin XCBuildConfiguration section */
		67191BC42723BD990036E9EB /* Debug */ = {
			isa = XCBuildConfiguration;
			buildSettings = {
				ALWAYS_SEARCH_USER_PATHS = NO;
				CLANG_ANALYZER_NONNULL = YES;
				CLANG_ANALYZER_NUMBER_OBJECT_CONVERSION = YES_AGGRESSIVE;
				CLANG_CXX_LANGUAGE_STANDARD = "gnu++17";
				CLANG_CXX_LIBRARY = "libc++";
				CLANG_ENABLE_MODULES = YES;
				CLANG_ENABLE_OBJC_ARC = YES;
				CLANG_ENABLE_OBJC_WEAK = YES;
				CLANG_WARN_BLOCK_CAPTURE_AUTORELEASING = YES;
				CLANG_WARN_BOOL_CONVERSION = YES;
				CLANG_WARN_COMMA = YES;
				CLANG_WARN_CONSTANT_CONVERSION = YES;
				CLANG_WARN_DEPRECATED_OBJC_IMPLEMENTATIONS = YES;
				CLANG_WARN_DIRECT_OBJC_ISA_USAGE = YES_ERROR;
				CLANG_WARN_DOCUMENTATION_COMMENTS = YES;
				CLANG_WARN_EMPTY_BODY = YES;
				CLANG_WARN_ENUM_CONVERSION = YES;
				CLANG_WARN_INFINITE_RECURSION = YES;
				CLANG_WARN_INT_CONVERSION = YES;
				CLANG_WARN_NON_LITERAL_NULL_CONVERSION = YES;
				CLANG_WARN_OBJC_IMPLICIT_RETAIN_SELF = YES;
				CLANG_WARN_OBJC_LITERAL_CONVERSION = YES;
				CLANG_WARN_OBJC_ROOT_CLASS = YES_ERROR;
				CLANG_WARN_QUOTED_INCLUDE_IN_FRAMEWORK_HEADER = YES;
				CLANG_WARN_RANGE_LOOP_ANALYSIS = YES;
				CLANG_WARN_STRICT_PROTOTYPES = YES;
				CLANG_WARN_SUSPICIOUS_MOVE = YES;
				CLANG_WARN_UNGUARDED_AVAILABILITY = YES_AGGRESSIVE;
				CLANG_WARN_UNREACHABLE_CODE = YES;
				CLANG_WARN__DUPLICATE_METHOD_MATCH = YES;
				COPY_PHASE_STRIP = NO;
				DEBUG_INFORMATION_FORMAT = dwarf;
				ENABLE_STRICT_OBJC_MSGSEND = YES;
				ENABLE_TESTABILITY = YES;
				GCC_C_LANGUAGE_STANDARD = gnu11;
				GCC_DYNAMIC_NO_PIC = NO;
				GCC_NO_COMMON_BLOCKS = YES;
				GCC_OPTIMIZATION_LEVEL = 0;
				GCC_PREPROCESSOR_DEFINITIONS = (
					"DEBUG=1",
					"$(inherited)",
				);
				GCC_WARN_64_TO_32_BIT_CONVERSION = YES;
				GCC_WARN_ABOUT_RETURN_TYPE = YES_ERROR;
				GCC_WARN_UNDECLARED_SELECTOR = YES;
				GCC_WARN_UNINITIALIZED_AUTOS = YES_AGGRESSIVE;
				GCC_WARN_UNUSED_FUNCTION = YES;
				GCC_WARN_UNUSED_VARIABLE = YES;
				IPHONEOS_DEPLOYMENT_TARGET = 15.0;
				MTL_ENABLE_DEBUG_INFO = INCLUDE_SOURCE;
				MTL_FAST_MATH = YES;
				ONLY_ACTIVE_ARCH = YES;
				SDKROOT = iphoneos;
				SWIFT_ACTIVE_COMPILATION_CONDITIONS = DEBUG;
				SWIFT_OPTIMIZATION_LEVEL = "-Onone";
			};
			name = Debug;
		};
		67191BC52723BD990036E9EB /* Release */ = {
			isa = XCBuildConfiguration;
			buildSettings = {
				ALWAYS_SEARCH_USER_PATHS = NO;
				CLANG_ANALYZER_NONNULL = YES;
				CLANG_ANALYZER_NUMBER_OBJECT_CONVERSION = YES_AGGRESSIVE;
				CLANG_CXX_LANGUAGE_STANDARD = "gnu++17";
				CLANG_CXX_LIBRARY = "libc++";
				CLANG_ENABLE_MODULES = YES;
				CLANG_ENABLE_OBJC_ARC = YES;
				CLANG_ENABLE_OBJC_WEAK = YES;
				CLANG_WARN_BLOCK_CAPTURE_AUTORELEASING = YES;
				CLANG_WARN_BOOL_CONVERSION = YES;
				CLANG_WARN_COMMA = YES;
				CLANG_WARN_CONSTANT_CONVERSION = YES;
				CLANG_WARN_DEPRECATED_OBJC_IMPLEMENTATIONS = YES;
				CLANG_WARN_DIRECT_OBJC_ISA_USAGE = YES_ERROR;
				CLANG_WARN_DOCUMENTATION_COMMENTS = YES;
				CLANG_WARN_EMPTY_BODY = YES;
				CLANG_WARN_ENUM_CONVERSION = YES;
				CLANG_WARN_INFINITE_RECURSION = YES;
				CLANG_WARN_INT_CONVERSION = YES;
				CLANG_WARN_NON_LITERAL_NULL_CONVERSION = YES;
				CLANG_WARN_OBJC_IMPLICIT_RETAIN_SELF = YES;
				CLANG_WARN_OBJC_LITERAL_CONVERSION = YES;
				CLANG_WARN_OBJC_ROOT_CLASS = YES_ERROR;
				CLANG_WARN_QUOTED_INCLUDE_IN_FRAMEWORK_HEADER = YES;
				CLANG_WARN_RANGE_LOOP_ANALYSIS = YES;
				CLANG_WARN_STRICT_PROTOTYPES = YES;
				CLANG_WARN_SUSPICIOUS_MOVE = YES;
				CLANG_WARN_UNGUARDED_AVAILABILITY = YES_AGGRESSIVE;
				CLANG_WARN_UNREACHABLE_CODE = YES;
				CLANG_WARN__DUPLICATE_METHOD_MATCH = YES;
				COPY_PHASE_STRIP = NO;
				DEBUG_INFORMATION_FORMAT = "dwarf-with-dsym";
				ENABLE_NS_ASSERTIONS = NO;
				ENABLE_STRICT_OBJC_MSGSEND = YES;
				GCC_C_LANGUAGE_STANDARD = gnu11;
				GCC_NO_COMMON_BLOCKS = YES;
				GCC_WARN_64_TO_32_BIT_CONVERSION = YES;
				GCC_WARN_ABOUT_RETURN_TYPE = YES_ERROR;
				GCC_WARN_UNDECLARED_SELECTOR = YES;
				GCC_WARN_UNINITIALIZED_AUTOS = YES_AGGRESSIVE;
				GCC_WARN_UNUSED_FUNCTION = YES;
				GCC_WARN_UNUSED_VARIABLE = YES;
				IPHONEOS_DEPLOYMENT_TARGET = 15.0;
				MTL_ENABLE_DEBUG_INFO = NO;
				MTL_FAST_MATH = YES;
				SDKROOT = iphoneos;
				SWIFT_COMPILATION_MODE = wholemodule;
				SWIFT_OPTIMIZATION_LEVEL = "-O";
				VALIDATE_PRODUCT = YES;
			};
			name = Release;
		};
		67191BC72723BD990036E9EB /* Debug */ = {
			isa = XCBuildConfiguration;
			baseConfigurationReference = 5ED0A725751DC05E2E27EA84 /* Pods-move.debug.xcconfig */;
			buildSettings = {
				ASSETCATALOG_COMPILER_APPICON_NAME = AppIcon;
				ASSETCATALOG_COMPILER_GLOBAL_ACCENT_COLOR_NAME = AccentColor;
				CODE_SIGN_STYLE = Automatic;
				CURRENT_PROJECT_VERSION = 1;
				DEVELOPMENT_ASSET_PATHS = "move/Preview\\ Content";
				DEVELOPMENT_TEAM = ZC6M768RJ2;
				ENABLE_PREVIEWS = YES;
				GENERATE_INFOPLIST_FILE = YES;
				INFOPLIST_KEY_UIApplicationSceneManifest_Generation = YES;
				INFOPLIST_KEY_UIApplicationSupportsIndirectInputEvents = YES;
				INFOPLIST_KEY_UILaunchScreen_Generation = YES;
				INFOPLIST_KEY_UISupportedInterfaceOrientations_iPad = "UIInterfaceOrientationPortrait UIInterfaceOrientationPortraitUpsideDown UIInterfaceOrientationLandscapeLeft UIInterfaceOrientationLandscapeRight";
				INFOPLIST_KEY_UISupportedInterfaceOrientations_iPhone = "UIInterfaceOrientationPortrait UIInterfaceOrientationLandscapeLeft UIInterfaceOrientationLandscapeRight";
				IPHONEOS_DEPLOYMENT_TARGET = 14.0;
				LD_RUNPATH_SEARCH_PATHS = (
					"$(inherited)",
					"@executable_path/Frameworks",
				);
				MARKETING_VERSION = 1.0;
				PRODUCT_BUNDLE_IDENTIFIER = csce5215.move;
				PRODUCT_NAME = "$(TARGET_NAME)";
				SWIFT_EMIT_LOC_STRINGS = YES;
				SWIFT_VERSION = 5.0;
				TARGETED_DEVICE_FAMILY = "1,2";
			};
			name = Debug;
		};
		67191BC82723BD990036E9EB /* Release */ = {
			isa = XCBuildConfiguration;
			baseConfigurationReference = 94B0FA19D71292F0BBDCD871 /* Pods-move.release.xcconfig */;
			buildSettings = {
				ASSETCATALOG_COMPILER_APPICON_NAME = AppIcon;
				ASSETCATALOG_COMPILER_GLOBAL_ACCENT_COLOR_NAME = AccentColor;
				CODE_SIGN_STYLE = Automatic;
				CURRENT_PROJECT_VERSION = 1;
				DEVELOPMENT_ASSET_PATHS = "move/Preview\\ Content";
				DEVELOPMENT_TEAM = ZC6M768RJ2;
				ENABLE_PREVIEWS = YES;
				GENERATE_INFOPLIST_FILE = YES;
				INFOPLIST_KEY_UIApplicationSceneManifest_Generation = YES;
				INFOPLIST_KEY_UIApplicationSupportsIndirectInputEvents = YES;
				INFOPLIST_KEY_UILaunchScreen_Generation = YES;
				INFOPLIST_KEY_UISupportedInterfaceOrientations_iPad = "UIInterfaceOrientationPortrait UIInterfaceOrientationPortraitUpsideDown UIInterfaceOrientationLandscapeLeft UIInterfaceOrientationLandscapeRight";
				INFOPLIST_KEY_UISupportedInterfaceOrientations_iPhone = "UIInterfaceOrientationPortrait UIInterfaceOrientationLandscapeLeft UIInterfaceOrientationLandscapeRight";
				IPHONEOS_DEPLOYMENT_TARGET = 14.0;
				LD_RUNPATH_SEARCH_PATHS = (
					"$(inherited)",
					"@executable_path/Frameworks",
				);
				MARKETING_VERSION = 1.0;
				PRODUCT_BUNDLE_IDENTIFIER = csce5215.move;
				PRODUCT_NAME = "$(TARGET_NAME)";
				SWIFT_EMIT_LOC_STRINGS = YES;
				SWIFT_VERSION = 5.0;
				TARGETED_DEVICE_FAMILY = "1,2";
			};
			name = Release;
		};
/* End XCBuildConfiguration section */

/* Begin XCConfigurationList section */
		67191BB32723BD970036E9EB /* Build configuration list for PBXProject "move" */ = {
			isa = XCConfigurationList;
			buildConfigurations = (
				67191BC42723BD990036E9EB /* Debug */,
				67191BC52723BD990036E9EB /* Release */,
			);
			defaultConfigurationIsVisible = 0;
			defaultConfigurationName = Release;
		};
		67191BC62723BD990036E9EB /* Build configuration list for PBXNativeTarget "move" */ = {
			isa = XCConfigurationList;
			buildConfigurations = (
				67191BC72723BD990036E9EB /* Debug */,
				67191BC82723BD990036E9EB /* Release */,
			);
			defaultConfigurationIsVisible = 0;
			defaultConfigurationName = Release;
		};
/* End XCConfigurationList section */
	};
	rootObject = 67191BB02723BD970036E9EB /* Project object */;
}
